// !$*UTF8*$!
{
	archiveVersion = 1;
	classes = {
	};
	objectVersion = 46;
	objects = {

/* Begin PBXBuildFile section */
		0F2879321EF23431002D1C2A /* MSMagicView.swift in Sources */ = {isa = PBXBuildFile; fileRef = 0F2879311EF23431002D1C2A /* MSMagicView.swift */; };
		0F28793B1EF26673002D1C2A /* MSMagicItem.swift in Sources */ = {isa = PBXBuildFile; fileRef = 0F2879391EF26673002D1C2A /* MSMagicItem.swift */; };
		0F28793C1EF26673002D1C2A /* MSMagicItem.xib in Resources */ = {isa = PBXBuildFile; fileRef = 0F28793A1EF26673002D1C2A /* MSMagicItem.xib */; };
		0F28793E1EF280A5002D1C2A /* MSMagicGestureRecognizer.swift in Sources */ = {isa = PBXBuildFile; fileRef = 0F28793D1EF280A5002D1C2A /* MSMagicGestureRecognizer.swift */; };
		0F5E7FA125F5B67C005DF2EC /* MineGame.swift in Sources */ = {isa = PBXBuildFile; fileRef = 0F5E7FA025F5B67C005DF2EC /* MineGame.swift */; };
		0F5E7FA925F5E7E3005DF2EC /* ThreadTimer.swift in Sources */ = {isa = PBXBuildFile; fileRef = 0F5E7FA825F5E7E3005DF2EC /* ThreadTimer.swift */; };
		0F5E7FB925F5F297005DF2EC /* MineGame+RxSwift.swift in Sources */ = {isa = PBXBuildFile; fileRef = 0F5E7FB825F5F297005DF2EC /* MineGame+RxSwift.swift */; };
		0F5E7FBD25F627BD005DF2EC /* NSCollection+Extensions.swift in Sources */ = {isa = PBXBuildFile; fileRef = 0F5E7FBC25F627BD005DF2EC /* NSCollection+Extensions.swift */; };
		0F5E7FC125F630CA005DF2EC /* MSMagicView+Extensions.swift in Sources */ = {isa = PBXBuildFile; fileRef = 0F5E7FC025F630CA005DF2EC /* MSMagicView+Extensions.swift */; };
		0F5E7FC525F705B7005DF2EC /* MineViewItem.swift in Sources */ = {isa = PBXBuildFile; fileRef = 0F5E7FC425F705B7005DF2EC /* MineViewItem.swift */; };
		0F5E7FCF25F711C6005DF2EC /* NSView+Extensions.swift in Sources */ = {isa = PBXBuildFile; fileRef = 0F5E7FCE25F711C6005DF2EC /* NSView+Extensions.swift */; };
		0FBAE0881EEE6BDE00CC62E1 /* AppDelegate.swift in Sources */ = {isa = PBXBuildFile; fileRef = 0FBAE0871EEE6BDE00CC62E1 /* AppDelegate.swift */; };
		0FBAE08C1EEE6BDE00CC62E1 /* Assets.xcassets in Resources */ = {isa = PBXBuildFile; fileRef = 0FBAE08B1EEE6BDE00CC62E1 /* Assets.xcassets */; };
		0FBAE0991EEE724000CC62E1 /* MSMainWC.swift in Sources */ = {isa = PBXBuildFile; fileRef = 0FBAE0971EEE724000CC62E1 /* MSMainWC.swift */; };
		0FBAE09A1EEE724000CC62E1 /* MSMainWC.xib in Resources */ = {isa = PBXBuildFile; fileRef = 0FBAE0981EEE724000CC62E1 /* MSMainWC.xib */; };
		0FBAE09C1EEE748B00CC62E1 /* MainMenu.xib in Resources */ = {isa = PBXBuildFile; fileRef = 0FBAE09B1EEE748B00CC62E1 /* MainMenu.xib */; };
		0FCF7EF81EFB526100034649 /* MSMagicMineFlagCountView.swift in Sources */ = {isa = PBXBuildFile; fileRef = 0FCF7EF71EFB526100034649 /* MSMagicMineFlagCountView.swift */; };
		0FCF7EFC1EFB527B00034649 /* MSMagicTimeCountView.swift in Sources */ = {isa = PBXBuildFile; fileRef = 0FCF7EFB1EFB527B00034649 /* MSMagicTimeCountView.swift */; };
		71F416EA8C983BA368531136 /* Pods_MineSwiper.framework in Frameworks */ = {isa = PBXBuildFile; fileRef = 4504549E3A2379296E04B5D0 /* Pods_MineSwiper.framework */; };
/* End PBXBuildFile section */

/* Begin PBXFileReference section */
		0F2879311EF23431002D1C2A /* MSMagicView.swift */ = {isa = PBXFileReference; fileEncoding = 4; lastKnownFileType = sourcecode.swift; path = MSMagicView.swift; sourceTree = "<group>"; };
		0F2879391EF26673002D1C2A /* MSMagicItem.swift */ = {isa = PBXFileReference; fileEncoding = 4; lastKnownFileType = sourcecode.swift; path = MSMagicItem.swift; sourceTree = "<group>"; };
		0F28793A1EF26673002D1C2A /* MSMagicItem.xib */ = {isa = PBXFileReference; fileEncoding = 4; lastKnownFileType = file.xib; path = MSMagicItem.xib; sourceTree = "<group>"; };
		0F28793D1EF280A5002D1C2A /* MSMagicGestureRecognizer.swift */ = {isa = PBXFileReference; fileEncoding = 4; lastKnownFileType = sourcecode.swift; path = MSMagicGestureRecognizer.swift; sourceTree = "<group>"; };
		0F5E7FA025F5B67C005DF2EC /* MineGame.swift */ = {isa = PBXFileReference; lastKnownFileType = sourcecode.swift; path = MineGame.swift; sourceTree = "<group>"; };
		0F5E7FA825F5E7E3005DF2EC /* ThreadTimer.swift */ = {isa = PBXFileReference; lastKnownFileType = sourcecode.swift; path = ThreadTimer.swift; sourceTree = "<group>"; };
		0F5E7FB825F5F297005DF2EC /* MineGame+RxSwift.swift */ = {isa = PBXFileReference; lastKnownFileType = sourcecode.swift; path = "MineGame+RxSwift.swift"; sourceTree = "<group>"; };
		0F5E7FBC25F627BD005DF2EC /* NSCollection+Extensions.swift */ = {isa = PBXFileReference; lastKnownFileType = sourcecode.swift; path = "NSCollection+Extensions.swift"; sourceTree = "<group>"; };
		0F5E7FC025F630CA005DF2EC /* MSMagicView+Extensions.swift */ = {isa = PBXFileReference; lastKnownFileType = sourcecode.swift; path = "MSMagicView+Extensions.swift"; sourceTree = "<group>"; };
		0F5E7FC425F705B7005DF2EC /* MineViewItem.swift */ = {isa = PBXFileReference; lastKnownFileType = sourcecode.swift; path = MineViewItem.swift; sourceTree = "<group>"; };
		0F5E7FCE25F711C6005DF2EC /* NSView+Extensions.swift */ = {isa = PBXFileReference; lastKnownFileType = sourcecode.swift; path = "NSView+Extensions.swift"; sourceTree = "<group>"; };
		0FBAE0841EEE6BDE00CC62E1 /* MineSwiper.app */ = {isa = PBXFileReference; explicitFileType = wrapper.application; includeInIndex = 0; path = MineSwiper.app; sourceTree = BUILT_PRODUCTS_DIR; };
		0FBAE0871EEE6BDE00CC62E1 /* AppDelegate.swift */ = {isa = PBXFileReference; lastKnownFileType = sourcecode.swift; path = AppDelegate.swift; sourceTree = "<group>"; };
		0FBAE08B1EEE6BDE00CC62E1 /* Assets.xcassets */ = {isa = PBXFileReference; lastKnownFileType = folder.assetcatalog; path = Assets.xcassets; sourceTree = "<group>"; };
		0FBAE0901EEE6BDE00CC62E1 /* Info.plist */ = {isa = PBXFileReference; lastKnownFileType = text.plist.xml; path = Info.plist; sourceTree = "<group>"; };
		0FBAE0971EEE724000CC62E1 /* MSMainWC.swift */ = {isa = PBXFileReference; fileEncoding = 4; lastKnownFileType = sourcecode.swift; path = MSMainWC.swift; sourceTree = "<group>"; };
		0FBAE0981EEE724000CC62E1 /* MSMainWC.xib */ = {isa = PBXFileReference; fileEncoding = 4; lastKnownFileType = file.xib; path = MSMainWC.xib; sourceTree = "<group>"; };
		0FBAE09B1EEE748B00CC62E1 /* MainMenu.xib */ = {isa = PBXFileReference; fileEncoding = 4; lastKnownFileType = file.xib; path = MainMenu.xib; sourceTree = "<group>"; };
		0FCF7EF71EFB526100034649 /* MSMagicMineFlagCountView.swift */ = {isa = PBXFileReference; fileEncoding = 4; lastKnownFileType = sourcecode.swift; path = MSMagicMineFlagCountView.swift; sourceTree = "<group>"; };
		0FCF7EFB1EFB527B00034649 /* MSMagicTimeCountView.swift */ = {isa = PBXFileReference; fileEncoding = 4; lastKnownFileType = sourcecode.swift; path = MSMagicTimeCountView.swift; sourceTree = "<group>"; };
		0FCF7EFD1EFB9D0600034649 /* MineSwiper.entitlements */ = {isa = PBXFileReference; lastKnownFileType = text.plist.entitlements; path = MineSwiper.entitlements; sourceTree = "<group>"; };
		4504549E3A2379296E04B5D0 /* Pods_MineSwiper.framework */ = {isa = PBXFileReference; explicitFileType = wrapper.framework; includeInIndex = 0; path = Pods_MineSwiper.framework; sourceTree = BUILT_PRODUCTS_DIR; };
		76560D1E2027A575B821116C /* Pods-MineSwiper.release.xcconfig */ = {isa = PBXFileReference; includeInIndex = 1; lastKnownFileType = text.xcconfig; name = "Pods-MineSwiper.release.xcconfig"; path = "Target Support Files/Pods-MineSwiper/Pods-MineSwiper.release.xcconfig"; sourceTree = "<group>"; };
		DE8AA61F30FAE18D26E2F88D /* Pods-MineSwiper.debug.xcconfig */ = {isa = PBXFileReference; includeInIndex = 1; lastKnownFileType = text.xcconfig; name = "Pods-MineSwiper.debug.xcconfig"; path = "Target Support Files/Pods-MineSwiper/Pods-MineSwiper.debug.xcconfig"; sourceTree = "<group>"; };
/* End PBXFileReference section */

/* Begin PBXFrameworksBuildPhase section */
		0FBAE0811EEE6BDE00CC62E1 /* Frameworks */ = {
			isa = PBXFrameworksBuildPhase;
			buildActionMask = 2147483647;
			files = (
				71F416EA8C983BA368531136 /* Pods_MineSwiper.framework in Frameworks */,
			);
			runOnlyForDeploymentPostprocessing = 0;
		};
/* End PBXFrameworksBuildPhase section */

/* Begin PBXGroup section */
		0F5E7F9F25F5B662005DF2EC /* MineGame */ = {
			isa = PBXGroup;
			children = (
				0F5E7FA025F5B67C005DF2EC /* MineGame.swift */,
				0F5E7FA825F5E7E3005DF2EC /* ThreadTimer.swift */,
				0F5E7FB825F5F297005DF2EC /* MineGame+RxSwift.swift */,
			);
			path = MineGame;
			sourceTree = "<group>";
		};
		0F5E7FBB25F627A2005DF2EC /* Extensions */ = {
			isa = PBXGroup;
			children = (
				0F28793D1EF280A5002D1C2A /* MSMagicGestureRecognizer.swift */,
				0F5E7FBC25F627BD005DF2EC /* NSCollection+Extensions.swift */,
				0F5E7FCE25F711C6005DF2EC /* NSView+Extensions.swift */,
			);
			path = Extensions;
			sourceTree = "<group>";
		};
		0FBAE07B1EEE6BDE00CC62E1 = {
			isa = PBXGroup;
			children = (
				0FBAE0861EEE6BDE00CC62E1 /* MineSwiper */,
				0FBAE0851EEE6BDE00CC62E1 /* Products */,
				0FCF7EFE1EFB9D0800034649 /* Frameworks */,
				4250C31C418F28316B49F0DE /* Pods */,
			);
			sourceTree = "<group>";
		};
		0FBAE0851EEE6BDE00CC62E1 /* Products */ = {
			isa = PBXGroup;
			children = (
				0FBAE0841EEE6BDE00CC62E1 /* MineSwiper.app */,
			);
			name = Products;
			sourceTree = "<group>";
		};
		0FBAE0861EEE6BDE00CC62E1 /* MineSwiper */ = {
			isa = PBXGroup;
			children = (
				0FCF7EFD1EFB9D0600034649 /* MineSwiper.entitlements */,
				0FBAE0961EEE721F00CC62E1 /* Code */,
				0FBAE0871EEE6BDE00CC62E1 /* AppDelegate.swift */,
				0FBAE08B1EEE6BDE00CC62E1 /* Assets.xcassets */,
				0FBAE0901EEE6BDE00CC62E1 /* Info.plist */,
				0FBAE09B1EEE748B00CC62E1 /* MainMenu.xib */,
			);
			path = MineSwiper;
			sourceTree = "<group>";
		};
		0FBAE0961EEE721F00CC62E1 /* Code */ = {
			isa = PBXGroup;
			children = (
				0F5E7FBB25F627A2005DF2EC /* Extensions */,
				0F5E7F9F25F5B662005DF2EC /* MineGame */,
				0FBAE09D1EEE7F5B00CC62E1 /* MagicCode */,
				0FBAE0971EEE724000CC62E1 /* MSMainWC.swift */,
				0FBAE0981EEE724000CC62E1 /* MSMainWC.xib */,
			);
			path = Code;
			sourceTree = "<group>";
		};
		0FBAE09D1EEE7F5B00CC62E1 /* MagicCode */ = {
			isa = PBXGroup;
			children = (
				0F2879311EF23431002D1C2A /* MSMagicView.swift */,
				0F5E7FC025F630CA005DF2EC /* MSMagicView+Extensions.swift */,
				0F5E7FC425F705B7005DF2EC /* MineViewItem.swift */,
				0F2879391EF26673002D1C2A /* MSMagicItem.swift */,
				0F28793A1EF26673002D1C2A /* MSMagicItem.xib */,
				0FCF7EF71EFB526100034649 /* MSMagicMineFlagCountView.swift */,
				0FCF7EFB1EFB527B00034649 /* MSMagicTimeCountView.swift */,
			);
			path = MagicCode;
			sourceTree = "<group>";
		};
		0FCF7EFE1EFB9D0800034649 /* Frameworks */ = {
			isa = PBXGroup;
			children = (
				4504549E3A2379296E04B5D0 /* Pods_MineSwiper.framework */,
			);
			name = Frameworks;
			sourceTree = "<group>";
		};
		4250C31C418F28316B49F0DE /* Pods */ = {
			isa = PBXGroup;
			children = (
				DE8AA61F30FAE18D26E2F88D /* Pods-MineSwiper.debug.xcconfig */,
				76560D1E2027A575B821116C /* Pods-MineSwiper.release.xcconfig */,
			);
			path = Pods;
			sourceTree = "<group>";
		};
/* End PBXGroup section */

/* Begin PBXNativeTarget section */
		0FBAE0831EEE6BDE00CC62E1 /* MineSwiper */ = {
			isa = PBXNativeTarget;
			buildConfigurationList = 0FBAE0931EEE6BDE00CC62E1 /* Build configuration list for PBXNativeTarget "MineSwiper" */;
			buildPhases = (
				34FFFD1FBD13621E61241000 /* [CP] Check Pods Manifest.lock */,
				0FBAE0801EEE6BDE00CC62E1 /* Sources */,
				0FBAE0811EEE6BDE00CC62E1 /* Frameworks */,
				0FBAE0821EEE6BDE00CC62E1 /* Resources */,
				292F5B32CDABDAA871DCD9B4 /* [CP] Embed Pods Frameworks */,
			);
			buildRules = (
			);
			dependencies = (
			);
			name = MineSwiper;
			productName = MineSwiper;
			productReference = 0FBAE0841EEE6BDE00CC62E1 /* MineSwiper.app */;
			productType = "com.apple.product-type.application";
		};
/* End PBXNativeTarget section */

/* Begin PBXProject section */
		0FBAE07C1EEE6BDE00CC62E1 /* Project object */ = {
			isa = PBXProject;
			attributes = {
				CLASSPREFIX = MS;
				LastSwiftUpdateCheck = 0830;
				LastUpgradeCheck = 0830;
				ORGANIZATIONNAME = MZ;
				TargetAttributes = {
					0FBAE0831EEE6BDE00CC62E1 = {
						CreatedOnToolsVersion = 8.3.2;
						DevelopmentTeam = 3EQU965GX4;
						LastSwiftMigration = 0930;
						ProvisioningStyle = Automatic;
						SystemCapabilities = {
							com.apple.GameCenter = {
								enabled = 0;
							};
							com.apple.Sandbox = {
								enabled = 0;
							};
						};
					};
				};
			};
			buildConfigurationList = 0FBAE07F1EEE6BDE00CC62E1 /* Build configuration list for PBXProject "MineSwiper" */;
			compatibilityVersion = "Xcode 3.2";
			developmentRegion = English;
			hasScannedForEncodings = 0;
			knownRegions = (
				English,
				en,
				Base,
			);
			mainGroup = 0FBAE07B1EEE6BDE00CC62E1;
			productRefGroup = 0FBAE0851EEE6BDE00CC62E1 /* Products */;
			projectDirPath = "";
			projectRoot = "";
			targets = (
				0FBAE0831EEE6BDE00CC62E1 /* MineSwiper */,
			);
		};
/* End PBXProject section */

/* Begin PBXResourcesBuildPhase section */
		0FBAE0821EEE6BDE00CC62E1 /* Resources */ = {
			isa = PBXResourcesBuildPhase;
			buildActionMask = 2147483647;
			files = (
				0F28793C1EF26673002D1C2A /* MSMagicItem.xib in Resources */,
				0FBAE09A1EEE724000CC62E1 /* MSMainWC.xib in Resources */,
				0FBAE08C1EEE6BDE00CC62E1 /* Assets.xcassets in Resources */,
				0FBAE09C1EEE748B00CC62E1 /* MainMenu.xib in Resources */,
			);
			runOnlyForDeploymentPostprocessing = 0;
		};
/* End PBXResourcesBuildPhase section */

/* Begin PBXShellScriptBuildPhase section */
		292F5B32CDABDAA871DCD9B4 /* [CP] Embed Pods Frameworks */ = {
			isa = PBXShellScriptBuildPhase;
			buildActionMask = 2147483647;
			files = (
			);
			inputPaths = (
				"${PODS_ROOT}/Target Support Files/Pods-MineSwiper/Pods-MineSwiper-frameworks.sh",
				"${BUILT_PRODUCTS_DIR}/RxCocoa/RxCocoa.framework",
				"${BUILT_PRODUCTS_DIR}/RxRelay/RxRelay.framework",
				"${BUILT_PRODUCTS_DIR}/RxSwift/RxSwift.framework",
				"${BUILT_PRODUCTS_DIR}/SnapKit/SnapKit.framework",
			);
			name = "[CP] Embed Pods Frameworks";
			outputPaths = (
				"${TARGET_BUILD_DIR}/${FRAMEWORKS_FOLDER_PATH}/RxCocoa.framework",
				"${TARGET_BUILD_DIR}/${FRAMEWORKS_FOLDER_PATH}/RxRelay.framework",
				"${TARGET_BUILD_DIR}/${FRAMEWORKS_FOLDER_PATH}/RxSwift.framework",
				"${TARGET_BUILD_DIR}/${FRAMEWORKS_FOLDER_PATH}/SnapKit.framework",
			);
			runOnlyForDeploymentPostprocessing = 0;
			shellPath = /bin/sh;
			shellScript = "\"${PODS_ROOT}/Target Support Files/Pods-MineSwiper/Pods-MineSwiper-frameworks.sh\"\n";
			showEnvVarsInLog = 0;
		};
		34FFFD1FBD13621E61241000 /* [CP] Check Pods Manifest.lock */ = {
			isa = PBXShellScriptBuildPhase;
			buildActionMask = 2147483647;
			files = (
			);
			inputFileListPaths = (
			);
			inputPaths = (
				"${PODS_PODFILE_DIR_PATH}/Podfile.lock",
				"${PODS_ROOT}/Manifest.lock",
			);
			name = "[CP] Check Pods Manifest.lock";
			outputFileListPaths = (
			);
			outputPaths = (
				"$(DERIVED_FILE_DIR)/Pods-MineSwiper-checkManifestLockResult.txt",
			);
			runOnlyForDeploymentPostprocessing = 0;
			shellPath = /bin/sh;
			shellScript = "diff \"${PODS_PODFILE_DIR_PATH}/Podfile.lock\" \"${PODS_ROOT}/Manifest.lock\" > /dev/null\nif [ $? != 0 ] ; then\n    # print error to STDERR\n    echo \"error: The sandbox is not in sync with the Podfile.lock. Run 'pod install' or update your CocoaPods installation.\" >&2\n    exit 1\nfi\n# This output is used by Xcode 'outputs' to avoid re-running this script phase.\necho \"SUCCESS\" > \"${SCRIPT_OUTPUT_FILE_0}\"\n";
			showEnvVarsInLog = 0;
		};
/* End PBXShellScriptBuildPhase section */

/* Begin PBXSourcesBuildPhase section */
		0FBAE0801EEE6BDE00CC62E1 /* Sources */ = {
			isa = PBXSourcesBuildPhase;
			buildActionMask = 2147483647;
			files = (
				0F5E7FB925F5F297005DF2EC /* MineGame+RxSwift.swift in Sources */,
				0FCF7EF81EFB526100034649 /* MSMagicMineFlagCountView.swift in Sources */,
				0F5E7FC525F705B7005DF2EC /* MineViewItem.swift in Sources */,
				0F5E7FC125F630CA005DF2EC /* MSMagicView+Extensions.swift in Sources */,
				0F2879321EF23431002D1C2A /* MSMagicView.swift in Sources */,
				0F5E7FA925F5E7E3005DF2EC /* ThreadTimer.swift in Sources */,
				0FBAE0991EEE724000CC62E1 /* MSMainWC.swift in Sources */,
				0F28793B1EF26673002D1C2A /* MSMagicItem.swift in Sources */,
				0F5E7FBD25F627BD005DF2EC /* NSCollection+Extensions.swift in Sources */,
				0F5E7FCF25F711C6005DF2EC /* NSView+Extensions.swift in Sources */,
				0FBAE0881EEE6BDE00CC62E1 /* AppDelegate.swift in Sources */,
				0F28793E1EF280A5002D1C2A /* MSMagicGestureRecognizer.swift in Sources */,
				0F5E7FA125F5B67C005DF2EC /* MineGame.swift in Sources */,
				0FCF7EFC1EFB527B00034649 /* MSMagicTimeCountView.swift in Sources */,
			);
			runOnlyForDeploymentPostprocessing = 0;
		};
/* End PBXSourcesBuildPhase section */

/* Begin XCBuildConfiguration section */
		0FBAE0911EEE6BDE00CC62E1 /* Debug */ = {
			isa = XCBuildConfiguration;
			buildSettings = {
				ALWAYS_SEARCH_USER_PATHS = NO;
				CLANG_ANALYZER_NONNULL = YES;
				CLANG_ANALYZER_NUMBER_OBJECT_CONVERSION = YES_AGGRESSIVE;
				CLANG_CXX_LANGUAGE_STANDARD = "gnu++0x";
				CLANG_CXX_LIBRARY = "libc++";
				CLANG_ENABLE_MODULES = YES;
				CLANG_ENABLE_OBJC_ARC = YES;
				CLANG_WARN_BOOL_CONVERSION = YES;
				CLANG_WARN_CONSTANT_CONVERSION = YES;
				CLANG_WARN_DIRECT_OBJC_ISA_USAGE = YES_ERROR;
				CLANG_WARN_DOCUMENTATION_COMMENTS = YES;
				CLANG_WARN_EMPTY_BODY = YES;
				CLANG_WARN_ENUM_CONVERSION = YES;
				CLANG_WARN_INFINITE_RECURSION = YES;
				CLANG_WARN_INT_CONVERSION = YES;
				CLANG_WARN_OBJC_ROOT_CLASS = YES_ERROR;
				CLANG_WARN_SUSPICIOUS_MOVE = YES;
				CLANG_WARN_UNREACHABLE_CODE = YES;
				CLANG_WARN__DUPLICATE_METHOD_MATCH = YES;
				CODE_SIGN_IDENTITY = "-";
				COPY_PHASE_STRIP = NO;
				DEBUG_INFORMATION_FORMAT = dwarf;
				ENABLE_STRICT_OBJC_MSGSEND = YES;
				ENABLE_TESTABILITY = YES;
				GCC_C_LANGUAGE_STANDARD = gnu99;
				GCC_DYNAMIC_NO_PIC = NO;
				GCC_NO_COMMON_BLOCKS = YES;
				GCC_OPTIMIZATION_LEVEL = 0;
				GCC_PREPROCESSOR_DEFINITIONS = (
					"DEBUG=1",
					"$(inherited)",
				);
				GCC_WARN_64_TO_32_BIT_CONVERSION = YES;
				GCC_WARN_ABOUT_RETURN_TYPE = YES_ERROR;
				GCC_WARN_UNDECLARED_SELECTOR = YES;
				GCC_WARN_UNINITIALIZED_AUTOS = YES_AGGRESSIVE;
				GCC_WARN_UNUSED_FUNCTION = YES;
				GCC_WARN_UNUSED_VARIABLE = YES;
				MACOSX_DEPLOYMENT_TARGET = 10.12;
				MTL_ENABLE_DEBUG_INFO = YES;
				ONLY_ACTIVE_ARCH = YES;
				SDKROOT = macosx;
				SWIFT_ACTIVE_COMPILATION_CONDITIONS = DEBUG;
				SWIFT_OPTIMIZATION_LEVEL = "-Onone";
			};
			name = Debug;
		};
		0FBAE0921EEE6BDE00CC62E1 /* Release */ = {
			isa = XCBuildConfiguration;
			buildSettings = {
				ALWAYS_SEARCH_USER_PATHS = NO;
				CLANG_ANALYZER_NONNULL = YES;
				CLANG_ANALYZER_NUMBER_OBJECT_CONVERSION = YES_AGGRESSIVE;
				CLANG_CXX_LANGUAGE_STANDARD = "gnu++0x";
				CLANG_CXX_LIBRARY = "libc++";
				CLANG_ENABLE_MODULES = YES;
				CLANG_ENABLE_OBJC_ARC = YES;
				CLANG_WARN_BOOL_CONVERSION = YES;
				CLANG_WARN_CONSTANT_CONVERSION = YES;
				CLANG_WARN_DIRECT_OBJC_ISA_USAGE = YES_ERROR;
				CLANG_WARN_DOCUMENTATION_COMMENTS = YES;
				CLANG_WARN_EMPTY_BODY = YES;
				CLANG_WARN_ENUM_CONVERSION = YES;
				CLANG_WARN_INFINITE_RECURSION = YES;
				CLANG_WARN_INT_CONVERSION = YES;
				CLANG_WARN_OBJC_ROOT_CLASS = YES_ERROR;
				CLANG_WARN_SUSPICIOUS_MOVE = YES;
				CLANG_WARN_UNREACHABLE_CODE = YES;
				CLANG_WARN__DUPLICATE_METHOD_MATCH = YES;
				CODE_SIGN_IDENTITY = "-";
				COPY_PHASE_STRIP = NO;
				DEBUG_INFORMATION_FORMAT = "dwarf-with-dsym";
				ENABLE_NS_ASSERTIONS = NO;
				ENABLE_STRICT_OBJC_MSGSEND = YES;
				GCC_C_LANGUAGE_STANDARD = gnu99;
				GCC_NO_COMMON_BLOCKS = YES;
				GCC_WARN_64_TO_32_BIT_CONVERSION = YES;
				GCC_WARN_ABOUT_RETURN_TYPE = YES_ERROR;
				GCC_WARN_UNDECLARED_SELECTOR = YES;
				GCC_WARN_UNINITIALIZED_AUTOS = YES_AGGRESSIVE;
				GCC_WARN_UNUSED_FUNCTION = YES;
				GCC_WARN_UNUSED_VARIABLE = YES;
				MACOSX_DEPLOYMENT_TARGET = 10.12;
				MTL_ENABLE_DEBUG_INFO = NO;
				SDKROOT = macosx;
				SWIFT_OPTIMIZATION_LEVEL = "-Owholemodule";
			};
			name = Release;
		};
		0FBAE0941EEE6BDE00CC62E1 /* Debug */ = {
			isa = XCBuildConfiguration;
			baseConfigurationReference = DE8AA61F30FAE18D26E2F88D /* Pods-MineSwiper.debug.xcconfig */;
			buildSettings = {
				ASSETCATALOG_COMPILER_APPICON_NAME = AppIcon;
				CODE_SIGN_ENTITLEMENTS = MineSwiper/MineSwiper.entitlements;
				CODE_SIGN_IDENTITY = "Mac Developer";
				CODE_SIGN_STYLE = Automatic;
				COMBINE_HIDPI_IMAGES = YES;
				DEVELOPMENT_TEAM = 3EQU965GX4;
				INFOPLIST_FILE = MineSwiper/Info.plist;
				LD_RUNPATH_SEARCH_PATHS = "$(inherited) @executable_path/../Frameworks";
				MACOSX_DEPLOYMENT_TARGET = 10.11;
				PRODUCT_BUNDLE_IDENTIFIER = com.MZ.iOS.Career.MineSwiper;
				PRODUCT_NAME = "$(TARGET_NAME)";
				PROVISIONING_PROFILE = "";
				PROVISIONING_PROFILE_SPECIFIER = "";
				SWIFT_SWIFT3_OBJC_INFERENCE = On;
				SWIFT_VERSION = 5.0;
			};
			name = Debug;
		};
		0FBAE0951EEE6BDE00CC62E1 /* Release */ = {
			isa = XCBuildConfiguration;
			baseConfigurationReference = 76560D1E2027A575B821116C /* Pods-MineSwiper.release.xcconfig */;
			buildSettings = {
				ASSETCATALOG_COMPILER_APPICON_NAME = AppIcon;
				CODE_SIGN_ENTITLEMENTS = MineSwiper/MineSwiper.entitlements;
				CODE_SIGN_IDENTITY = "Mac Developer";
				CODE_SIGN_STYLE = Automatic;
				COMBINE_HIDPI_IMAGES = YES;
				DEVELOPMENT_TEAM = 3EQU965GX4;
				INFOPLIST_FILE = MineSwiper/Info.plist;
				LD_RUNPATH_SEARCH_PATHS = "$(inherited) @executable_path/../Frameworks";
				MACOSX_DEPLOYMENT_TARGET = 10.11;
				PRODUCT_BUNDLE_IDENTIFIER = com.MZ.iOS.Career.MineSwiper;
				PRODUCT_NAME = "$(TARGET_NAME)";
				PROVISIONING_PROFILE = "";
				PROVISIONING_PROFILE_SPECIFIER = "";
				SWIFT_SWIFT3_OBJC_INFERENCE = On;
				SWIFT_VERSION = 5.0;
			};
			name = Release;
		};
/* End XCBuildConfiguration section */

/* Begin XCConfigurationList section */
		0FBAE07F1EEE6BDE00CC62E1 /* Build configuration list for PBXProject "MineSwiper" */ = {
			isa = XCConfigurationList;
			buildConfigurations = (
				0FBAE0911EEE6BDE00CC62E1 /* Debug */,
				0FBAE0921EEE6BDE00CC62E1 /* Release */,
			);
			defaultConfigurationIsVisible = 0;
			defaultConfigurationName = Release;
		};
		0FBAE0931EEE6BDE00CC62E1 /* Build configuration list for PBXNativeTarget "MineSwiper" */ = {
			isa = XCConfigurationList;
			buildConfigurations = (
				0FBAE0941EEE6BDE00CC62E1 /* Debug */,
				0FBAE0951EEE6BDE00CC62E1 /* Release */,
			);
			defaultConfigurationIsVisible = 0;
			defaultConfigurationName = Release;
		};
/* End XCConfigurationList section */
	};
	rootObject = 0FBAE07C1EEE6BDE00CC62E1 /* Project object */;
}
